
Microsoft Visual Studio Solution File, Format Version 12.00
# Visual Studio Version 17
VisualStudioVersion = 17.8.34330.188
MinimumVisualStudioVersion = 10.0.40219.1
Project("{9A19103F-16F7-4668-BE54-9A1E7A4F7556}") = "ContadSp", "ContadSp\ContadSp.csproj", "{17A74C23-8787-422B-84C2-4894D21A03DD}"
EndProject
Global
	GlobalSection(SolutionConfigurationPlatforms) = preSolution
		Debug|Any CPU = Debug|Any CPU
		Release|Any CPU = Release|Any CPU
	EndGlobalSection
	GlobalSection(ProjectConfigurationPlatforms) = postSolution
		{17A74C23-8787-422B-84C2-4894D21A03DD}.Debug|Any CPU.ActiveCfg = Debug|Any CPU
		{17A74C23-8787-422B-84C2-4894D21A03DD}.Debug|Any CPU.Build.0 = Debug|Any CPU
		{17A74C23-8787-422B-84C2-4894D21A03DD}.Release|Any CPU.ActiveCfg = Release|Any CPU
		{17A74C23-8787-422B-84C2-4894D21A03DD}.Release|Any CPU.Build.0 = Release|Any CPU
	EndGlobalSection
	GlobalSection(SolutionProperties) = preSolution
		HideSolutionNode = FALSE
	EndGlobalSection
	GlobalSection(ExtensibilityGlobals) = postSolution
		SolutionGuid = {F20F0B59-0076-46DA-9303-7F3780803E3A}
	EndGlobalSection
EndGlobal
