
Microsoft Visual Studio Solution File, Format Version 12.00
# Visual Studio Version 17
VisualStudioVersion = 17.8.34322.80
MinimumVisualStudioVersion = 10.0.40219.1
Project("{9A19103F-16F7-4668-BE54-9A1E7A4F7556}") = "ContadSP", "ContadSP\ContadSP.csproj", "{5F55B445-5E8F-4125-B00B-86ACC32AE812}"
EndProject
Global
	GlobalSection(SolutionConfigurationPlatforms) = preSolution
		Debug|Any CPU = Debug|Any CPU
		Release|Any CPU = Release|Any CPU
	EndGlobalSection
	GlobalSection(ProjectConfigurationPlatforms) = postSolution
		{5F55B445-5E8F-4125-B00B-86ACC32AE812}.Debug|Any CPU.ActiveCfg = Debug|Any CPU
		{5F55B445-5E8F-4125-B00B-86ACC32AE812}.Debug|Any CPU.Build.0 = Debug|Any CPU
		{5F55B445-5E8F-4125-B00B-86ACC32AE812}.Release|Any CPU.ActiveCfg = Release|Any CPU
		{5F55B445-5E8F-4125-B00B-86ACC32AE812}.Release|Any CPU.Build.0 = Release|Any CPU
	EndGlobalSection
	GlobalSection(SolutionProperties) = preSolution
		HideSolutionNode = FALSE
	EndGlobalSection
	GlobalSection(ExtensibilityGlobals) = postSolution
		SolutionGuid = {FF29AE87-C978-4199-A6FD-2839A847C1F9}
	EndGlobalSection
EndGlobal
